
Microsoft Visual Studio Solution File, Format Version 12.00
# Visual Studio Version 17
VisualStudioVersion = 17.4.33122.133
MinimumVisualStudioVersion = 10.0.40219.1
Project("{FAE04EC0-301F-11D3-BF4B-00C04F79EFBC}") = "SupaApp.Android", "SupaApp\SupaApp.Android\SupaApp.Android.csproj", "{1D29DBDB-B5C8-4501-AEA5-6027CC22D3E1}"
EndProject
Project("{FAE04EC0-301F-11D3-BF4B-00C04F79EFBC}") = "SupaApp.iOS", "SupaApp\SupaApp.iOS\SupaApp.iOS.csproj", "{78551051-1BBE-49D4-AAFA-26649000731F}"
EndProject
Project("{9A19103F-16F7-4668-BE54-9A1E7A4F7556}") = "SupaApp", "SupaApp\SupaApp\SupaApp.csproj", "{9458C673-4AD0-46B4-986E-941D9D98B986}"
EndProject
Project("{FAE04EC0-301F-11D3-BF4B-00C04F79EFBC}") = "SupaWebApi", "SupaWebApi\SupaWebApi.csproj", "{F5D10EBF-3F4B-4743-9AD0-2DC4E321BF06}"
EndProject
Global
	GlobalSection(SolutionConfigurationPlatforms) = preSolution
		Debug|Any CPU = Debug|Any CPU
		Debug|iPhone = Debug|iPhone
		Debug|iPhoneSimulator = Debug|iPhoneSimulator
		Release|Any CPU = Release|Any CPU
		Release|iPhone = Release|iPhone
		Release|iPhoneSimulator = Release|iPhoneSimulator
	EndGlobalSection
	GlobalSection(ProjectConfigurationPlatforms) = postSolution
		{1D29DBDB-B5C8-4501-AEA5-6027CC22D3E1}.Debug|Any CPU.ActiveCfg = Debug|Any CPU
		{1D29DBDB-B5C8-4501-AEA5-6027CC22D3E1}.Debug|Any CPU.Build.0 = Debug|Any CPU
		{1D29DBDB-B5C8-4501-AEA5-6027CC22D3E1}.Debug|Any CPU.Deploy.0 = Debug|Any CPU
		{1D29DBDB-B5C8-4501-AEA5-6027CC22D3E1}.Debug|iPhone.ActiveCfg = Debug|Any CPU
		{1D29DBDB-B5C8-4501-AEA5-6027CC22D3E1}.Debug|iPhone.Build.0 = Debug|Any CPU
		{1D29DBDB-B5C8-4501-AEA5-6027CC22D3E1}.Debug|iPhone.Deploy.0 = Debug|Any CPU
		{1D29DBDB-B5C8-4501-AEA5-6027CC22D3E1}.Debug|iPhoneSimulator.ActiveCfg = Debug|Any CPU
		{1D29DBDB-B5C8-4501-AEA5-6027CC22D3E1}.Debug|iPhoneSimulator.Build.0 = Debug|Any CPU
		{1D29DBDB-B5C8-4501-AEA5-6027CC22D3E1}.Debug|iPhoneSimulator.Deploy.0 = Debug|Any CPU
		{1D29DBDB-B5C8-4501-AEA5-6027CC22D3E1}.Release|Any CPU.ActiveCfg = Release|Any CPU
		{1D29DBDB-B5C8-4501-AEA5-6027CC22D3E1}.Release|Any CPU.Build.0 = Release|Any CPU
		{1D29DBDB-B5C8-4501-AEA5-6027CC22D3E1}.Release|Any CPU.Deploy.0 = Release|Any CPU
		{1D29DBDB-B5C8-4501-AEA5-6027CC22D3E1}.Release|iPhone.ActiveCfg = Release|Any CPU
		{1D29DBDB-B5C8-4501-AEA5-6027CC22D3E1}.Release|iPhone.Build.0 = Release|Any CPU
		{1D29DBDB-B5C8-4501-AEA5-6027CC22D3E1}.Release|iPhone.Deploy.0 = Release|Any CPU
		{1D29DBDB-B5C8-4501-AEA5-6027CC22D3E1}.Release|iPhoneSimulator.ActiveCfg = Release|Any CPU
		{1D29DBDB-B5C8-4501-AEA5-6027CC22D3E1}.Release|iPhoneSimulator.Build.0 = Release|Any CPU
		{1D29DBDB-B5C8-4501-AEA5-6027CC22D3E1}.Release|iPhoneSimulator.Deploy.0 = Release|Any CPU
		{78551051-1BBE-49D4-AAFA-26649000731F}.Debug|Any CPU.ActiveCfg = Debug|iPhone
		{78551051-1BBE-49D4-AAFA-26649000731F}.Debug|Any CPU.Build.0 = Debug|iPhone
		{78551051-1BBE-49D4-AAFA-26649000731F}.Debug|Any CPU.Deploy.0 = Debug|iPhone
		{78551051-1BBE-49D4-AAFA-26649000731F}.Debug|iPhone.ActiveCfg = Debug|iPhone
		{78551051-1BBE-49D4-AAFA-26649000731F}.Debug|iPhone.Build.0 = Debug|iPhone
		{78551051-1BBE-49D4-AAFA-26649000731F}.Debug|iPhone.Deploy.0 = Debug|iPhone
		{78551051-1BBE-49D4-AAFA-26649000731F}.Debug|iPhoneSimulator.ActiveCfg = Debug|iPhoneSimulator
		{78551051-1BBE-49D4-AAFA-26649000731F}.Debug|iPhoneSimulator.Build.0 = Debug|iPhoneSimulator
		{78551051-1BBE-49D4-AAFA-26649000731F}.Debug|iPhoneSimulator.Deploy.0 = Debug|iPhoneSimulator
		{78551051-1BBE-49D4-AAFA-26649000731F}.Release|Any CPU.ActiveCfg = Release|iPhoneSimulator
		{78551051-1BBE-49D4-AAFA-26649000731F}.Release|Any CPU.Build.0 = Release|iPhoneSimulator
		{78551051-1BBE-49D4-AAFA-26649000731F}.Release|Any CPU.Deploy.0 = Release|iPhoneSimulator
		{78551051-1BBE-49D4-AAFA-26649000731F}.Release|iPhone.ActiveCfg = Release|iPhone
		{78551051-1BBE-49D4-AAFA-26649000731F}.Release|iPhone.Build.0 = Release|iPhone
		{78551051-1BBE-49D4-AAFA-26649000731F}.Release|iPhone.Deploy.0 = Release|iPhone
		{78551051-1BBE-49D4-AAFA-26649000731F}.Release|iPhoneSimulator.ActiveCfg = Release|iPhoneSimulator
		{78551051-1BBE-49D4-AAFA-26649000731F}.Release|iPhoneSimulator.Build.0 = Release|iPhoneSimulator
		{78551051-1BBE-49D4-AAFA-26649000731F}.Release|iPhoneSimulator.Deploy.0 = Release|iPhoneSimulator
		{9458C673-4AD0-46B4-986E-941D9D98B986}.Debug|Any CPU.ActiveCfg = Debug|Any CPU
		{9458C673-4AD0-46B4-986E-941D9D98B986}.Debug|Any CPU.Build.0 = Debug|Any CPU
		{9458C673-4AD0-46B4-986E-941D9D98B986}.Debug|Any CPU.Deploy.0 = Debug|Any CPU
		{9458C673-4AD0-46B4-986E-941D9D98B986}.Debug|iPhone.ActiveCfg = Debug|Any CPU
		{9458C673-4AD0-46B4-986E-941D9D98B986}.Debug|iPhone.Build.0 = Debug|Any CPU
		{9458C673-4AD0-46B4-986E-941D9D98B986}.Debug|iPhone.Deploy.0 = Debug|Any CPU
		{9458C673-4AD0-46B4-986E-941D9D98B986}.Debug|iPhoneSimulator.ActiveCfg = Debug|Any CPU
		{9458C673-4AD0-46B4-986E-941D9D98B986}.Debug|iPhoneSimulator.Build.0 = Debug|Any CPU
		{9458C673-4AD0-46B4-986E-941D9D98B986}.Debug|iPhoneSimulator.Deploy.0 = Debug|Any CPU
		{9458C673-4AD0-46B4-986E-941D9D98B986}.Release|Any CPU.ActiveCfg = Release|Any CPU
		{9458C673-4AD0-46B4-986E-941D9D98B986}.Release|Any CPU.Build.0 = Release|Any CPU
		{9458C673-4AD0-46B4-986E-941D9D98B986}.Release|Any CPU.Deploy.0 = Release|Any CPU
		{9458C673-4AD0-46B4-986E-941D9D98B986}.Release|iPhone.ActiveCfg = Release|Any CPU
		{9458C673-4AD0-46B4-986E-941D9D98B986}.Release|iPhone.Build.0 = Release|Any CPU
		{9458C673-4AD0-46B4-986E-941D9D98B986}.Release|iPhone.Deploy.0 = Release|Any CPU
		{9458C673-4AD0-46B4-986E-941D9D98B986}.Release|iPhoneSimulator.ActiveCfg = Release|Any CPU
		{9458C673-4AD0-46B4-986E-941D9D98B986}.Release|iPhoneSimulator.Build.0 = Release|Any CPU
		{9458C673-4AD0-46B4-986E-941D9D98B986}.Release|iPhoneSimulator.Deploy.0 = Release|Any CPU
		{F5D10EBF-3F4B-4743-9AD0-2DC4E321BF06}.Debug|Any CPU.ActiveCfg = Debug|Any CPU
		{F5D10EBF-3F4B-4743-9AD0-2DC4E321BF06}.Debug|Any CPU.Build.0 = Debug|Any CPU
		{F5D10EBF-3F4B-4743-9AD0-2DC4E321BF06}.Debug|iPhone.ActiveCfg = Debug|Any CPU
		{F5D10EBF-3F4B-4743-9AD0-2DC4E321BF06}.Debug|iPhone.Build.0 = Debug|Any CPU
		{F5D10EBF-3F4B-4743-9AD0-2DC4E321BF06}.Debug|iPhoneSimulator.ActiveCfg = Debug|Any CPU
		{F5D10EBF-3F4B-4743-9AD0-2DC4E321BF06}.Debug|iPhoneSimulator.Build.0 = Debug|Any CPU
		{F5D10EBF-3F4B-4743-9AD0-2DC4E321BF06}.Release|Any CPU.ActiveCfg = Release|Any CPU
		{F5D10EBF-3F4B-4743-9AD0-2DC4E321BF06}.Release|Any CPU.Build.0 = Release|Any CPU
		{F5D10EBF-3F4B-4743-9AD0-2DC4E321BF06}.Release|iPhone.ActiveCfg = Release|Any CPU
		{F5D10EBF-3F4B-4743-9AD0-2DC4E321BF06}.Release|iPhone.Build.0 = Release|Any CPU
		{F5D10EBF-3F4B-4743-9AD0-2DC4E321BF06}.Release|iPhoneSimulator.ActiveCfg = Release|Any CPU
		{F5D10EBF-3F4B-4743-9AD0-2DC4E321BF06}.Release|iPhoneSimulator.Build.0 = Release|Any CPU
	EndGlobalSection
	GlobalSection(SolutionProperties) = preSolution
		HideSolutionNode = FALSE
	EndGlobalSection
	GlobalSection(ExtensibilityGlobals) = postSolution
		SolutionGuid = {8BD0D664-FAD9-4A26-97E0-F8AB3909F219}
	EndGlobalSection
EndGlobal
